
Microsoft Visual Studio Solution File, Format Version 12.00
# Visual Studio 15
VisualStudioVersion = 15.0.28307.1169
MinimumVisualStudioVersion = 10.0.40219.1
Project("{FAE04EC0-301F-11D3-BF4B-00C04F79EFBC}") = "ConsoleApp23", "ConsoleApp23.csproj", "{01733224-43BF-48D1-87DA-E515A2CEB993}"
EndProject
Global
	GlobalSection(SolutionConfigurationPlatforms) = preSolution
		Debug|Any CPU = Debug|Any CPU
		Release|Any CPU = Release|Any CPU
	EndGlobalSection
	GlobalSection(ProjectConfigurationPlatforms) = postSolution
		{01733224-43BF-48D1-87DA-E515A2CEB993}.Debug|Any CPU.ActiveCfg = Debug|Any CPU
		{01733224-43BF-48D1-87DA-E515A2CEB993}.Debug|Any CPU.Build.0 = Debug|Any CPU
		{01733224-43BF-48D1-87DA-E515A2CEB993}.Release|Any CPU.ActiveCfg = Release|Any CPU
		{01733224-43BF-48D1-87DA-E515A2CEB993}.Release|Any CPU.Build.0 = Release|Any CPU
	EndGlobalSection
	GlobalSection(SolutionProperties) = preSolution
		HideSolutionNode = FALSE
	EndGlobalSection
	GlobalSection(ExtensibilityGlobals) = postSolution
		SolutionGuid = {DD4A4474-F913-4B46-9B0D-C75B3347E8BD}
	EndGlobalSection
EndGlobal
